
Microsoft Visual Studio Solution File, Format Version 12.00
# Visual Studio Version 16
VisualStudioVersion = 16.0.32413.511
MinimumVisualStudioVersion = 10.0.40219.1
Project("{FAE04EC0-301F-11D3-BF4B-00C04F79EFBC}") = "Daekage_Server", "Daekage_Server\Daekage_Server.csproj", "{2AB7FF12-DF25-4CD8-8A92-22B9B0F9B489}"
EndProject
Global
	GlobalSection(SolutionConfigurationPlatforms) = preSolution
		Debug|Any CPU = Debug|Any CPU
		Release|Any CPU = Release|Any CPU
	EndGlobalSection
	GlobalSection(ProjectConfigurationPlatforms) = postSolution
		{2AB7FF12-DF25-4CD8-8A92-22B9B0F9B489}.Debug|Any CPU.ActiveCfg = Debug|Any CPU
		{2AB7FF12-DF25-4CD8-8A92-22B9B0F9B489}.Debug|Any CPU.Build.0 = Debug|Any CPU
		{2AB7FF12-DF25-4CD8-8A92-22B9B0F9B489}.Release|Any CPU.ActiveCfg = Release|Any CPU
		{2AB7FF12-DF25-4CD8-8A92-22B9B0F9B489}.Release|Any CPU.Build.0 = Release|Any CPU
	EndGlobalSection
	GlobalSection(SolutionProperties) = preSolution
		HideSolutionNode = FALSE
	EndGlobalSection
	GlobalSection(ExtensibilityGlobals) = postSolution
		SolutionGuid = {A9B3C8A6-DF60-4F57-BDCD-EDB6DCCE3DD1}
	EndGlobalSection
EndGlobal
